
Microsoft Visual Studio Solution File, Format Version 12.00
# Visual Studio Version 16
VisualStudioVersion = 16.0.33423.256
MinimumVisualStudioVersion = 10.0.40219.1
Project("{FAE04EC0-301F-11D3-BF4B-00C04F79EFBC}") = "ContactSystem", "ContactSystem\ContactSystem.csproj", "{0347700A-9E55-4DAF-9DD4-E03F492A1775}"
EndProject
Global
	GlobalSection(SolutionConfigurationPlatforms) = preSolution
		Debug|Any CPU = Debug|Any CPU
		Release|Any CPU = Release|Any CPU
	EndGlobalSection
	GlobalSection(ProjectConfigurationPlatforms) = postSolution
		{0347700A-9E55-4DAF-9DD4-E03F492A1775}.Debug|Any CPU.ActiveCfg = Debug|Any CPU
		{0347700A-9E55-4DAF-9DD4-E03F492A1775}.Debug|Any CPU.Build.0 = Debug|Any CPU
		{0347700A-9E55-4DAF-9DD4-E03F492A1775}.Release|Any CPU.ActiveCfg = Release|Any CPU
		{0347700A-9E55-4DAF-9DD4-E03F492A1775}.Release|Any CPU.Build.0 = Release|Any CPU
	EndGlobalSection
	GlobalSection(SolutionProperties) = preSolution
		HideSolutionNode = FALSE
	EndGlobalSection
	GlobalSection(ExtensibilityGlobals) = postSolution
		SolutionGuid = {4ADBE242-E01E-4805-90A0-3C1C16357CC0}
	EndGlobalSection
EndGlobal
